
Microsoft Visual Studio Solution File, Format Version 12.00
# Visual Studio Version 17
VisualStudioVersion = 17.14.37027.9 d17.14
MinimumVisualStudioVersion = 10.0.40219.1
Project("{FAE04EC0-301F-11D3-BF4B-00C04F79EFBC}") = "FreshMart Self Service kiosk", "FreshMart Self Service kiosk.csproj", "{03C760DB-33BA-46C9-BC89-EB662371CD73}"
EndProject
Global
	GlobalSection(SolutionConfigurationPlatforms) = preSolution
		Debug|Any CPU = Debug|Any CPU
		Release|Any CPU = Release|Any CPU
	EndGlobalSection
	GlobalSection(ProjectConfigurationPlatforms) = postSolution
		{03C760DB-33BA-46C9-BC89-EB662371CD73}.Debug|Any CPU.ActiveCfg = Debug|Any CPU
		{03C760DB-33BA-46C9-BC89-EB662371CD73}.Debug|Any CPU.Build.0 = Debug|Any CPU
		{03C760DB-33BA-46C9-BC89-EB662371CD73}.Release|Any CPU.ActiveCfg = Release|Any CPU
		{03C760DB-33BA-46C9-BC89-EB662371CD73}.Release|Any CPU.Build.0 = Release|Any CPU
	EndGlobalSection
	GlobalSection(SolutionProperties) = preSolution
		HideSolutionNode = FALSE
	EndGlobalSection
	GlobalSection(ExtensibilityGlobals) = postSolution
		SolutionGuid = {8AB1CA96-7A79-4B50-B774-D8106564B58E}
	EndGlobalSection
EndGlobal
